
Microsoft Visual Studio Solution File, Format Version 12.00
# Visual Studio Version 17
VisualStudioVersion = 17.11.35312.102
MinimumVisualStudioVersion = 10.0.40219.1
Project("{FAE04EC0-301F-11D3-BF4B-00C04F79EFBC}") = "HelloWord", "HelloWord\HelloWord.csproj", "{2F56052A-E192-4798-934E-0132D95DFD4D}"
EndProject
Global
	GlobalSection(SolutionConfigurationPlatforms) = preSolution
		Debug|Any CPU = Debug|Any CPU
		Release|Any CPU = Release|Any CPU
	EndGlobalSection
	GlobalSection(ProjectConfigurationPlatforms) = postSolution
		{2F56052A-E192-4798-934E-0132D95DFD4D}.Debug|Any CPU.ActiveCfg = Debug|Any CPU
		{2F56052A-E192-4798-934E-0132D95DFD4D}.Debug|Any CPU.Build.0 = Debug|Any CPU
		{2F56052A-E192-4798-934E-0132D95DFD4D}.Release|Any CPU.ActiveCfg = Release|Any CPU
		{2F56052A-E192-4798-934E-0132D95DFD4D}.Release|Any CPU.Build.0 = Release|Any CPU
	EndGlobalSection
	GlobalSection(SolutionProperties) = preSolution
		HideSolutionNode = FALSE
	EndGlobalSection
	GlobalSection(ExtensibilityGlobals) = postSolution
		SolutionGuid = {F511EB27-33A4-44FD-9CAC-086403A2F6AC}
	EndGlobalSection
EndGlobal
